
Microsoft Visual Studio Solution File, Format Version 12.00
# Visual Studio Express 15 for Windows Desktop
VisualStudioVersion = 15.0.27130.2003
MinimumVisualStudioVersion = 10.0.40219.1
Project("{FAE04EC0-301F-11D3-BF4B-00C04F79EFBC}") = "SE_3LA_Proj", "SE_3LA_Proj\SE_3LA_Proj.csproj", "{3695B5CB-37D1-447A-8ADD-5F4EFEF88991}"
EndProject
Project("{FAE04EC0-301F-11D3-BF4B-00C04F79EFBC}") = "DL", "DL\DL.csproj", "{54BCFDA0-B36B-4AA6-B201-3DF012FAB9E9}"
EndProject
Project("{FAE04EC0-301F-11D3-BF4B-00C04F79EFBC}") = "BL", "BL\BL.csproj", "{B3840A39-F2AB-4A66-B0C9-2D303D6A7F39}"
EndProject
Global
	GlobalSection(SolutionConfigurationPlatforms) = preSolution
		Debug|Any CPU = Debug|Any CPU
		Release|Any CPU = Release|Any CPU
	EndGlobalSection
	GlobalSection(ProjectConfigurationPlatforms) = postSolution
		{3695B5CB-37D1-447A-8ADD-5F4EFEF88991}.Debug|Any CPU.ActiveCfg = Debug|Any CPU
		{3695B5CB-37D1-447A-8ADD-5F4EFEF88991}.Debug|Any CPU.Build.0 = Debug|Any CPU
		{3695B5CB-37D1-447A-8ADD-5F4EFEF88991}.Release|Any CPU.ActiveCfg = Release|Any CPU
		{3695B5CB-37D1-447A-8ADD-5F4EFEF88991}.Release|Any CPU.Build.0 = Release|Any CPU
		{54BCFDA0-B36B-4AA6-B201-3DF012FAB9E9}.Debug|Any CPU.ActiveCfg = Debug|Any CPU
		{54BCFDA0-B36B-4AA6-B201-3DF012FAB9E9}.Debug|Any CPU.Build.0 = Debug|Any CPU
		{54BCFDA0-B36B-4AA6-B201-3DF012FAB9E9}.Release|Any CPU.ActiveCfg = Release|Any CPU
		{54BCFDA0-B36B-4AA6-B201-3DF012FAB9E9}.Release|Any CPU.Build.0 = Release|Any CPU
		{B3840A39-F2AB-4A66-B0C9-2D303D6A7F39}.Debug|Any CPU.ActiveCfg = Debug|Any CPU
		{B3840A39-F2AB-4A66-B0C9-2D303D6A7F39}.Debug|Any CPU.Build.0 = Debug|Any CPU
		{B3840A39-F2AB-4A66-B0C9-2D303D6A7F39}.Release|Any CPU.ActiveCfg = Release|Any CPU
		{B3840A39-F2AB-4A66-B0C9-2D303D6A7F39}.Release|Any CPU.Build.0 = Release|Any CPU
	EndGlobalSection
	GlobalSection(SolutionProperties) = preSolution
		HideSolutionNode = FALSE
	EndGlobalSection
	GlobalSection(ExtensibilityGlobals) = postSolution
		SolutionGuid = {8B31380F-01E5-4297-996C-9F6F9760A91D}
	EndGlobalSection
EndGlobal
